
Microsoft Visual Studio Solution File, Format Version 12.00
# Visual Studio Version 16
VisualStudioVersion = 16.0.30611.23
MinimumVisualStudioVersion = 10.0.40219.1
Project("{2150E333-8FDC-42A3-9474-1A3956D46DE8}") = "Core", "Core", "{C6B49B11-8BC9-4A68-9238-85BECC4BDF97}"
EndProject
Project("{2150E333-8FDC-42A3-9474-1A3956D46DE8}") = "AspNetCore", "AspNetCore", "{62474ED1-B51D-4E3B-B4A8-86331DDA4E9F}"
EndProject
Project("{2150E333-8FDC-42A3-9474-1A3956D46DE8}") = "Samples", "Samples", "{709EFF89-FE7B-4818-B435-856741E1C21B}"
EndProject
Project("{9A19103F-16F7-4668-BE54-9A1E7A4F7556}") = "Easify.Sample.WebAPI", "Samples\Easify.Sample.WebAPI\Easify.Sample.WebAPI.csproj", "{74E42355-8A99-495D-BC82-1E8C0B24A18F}"
EndProject
Project("{9A19103F-16F7-4668-BE54-9A1E7A4F7556}") = "Easify.Sample.WebAPI.IntegrationTests", "Samples\Easify.Sample.WebAPI.IntegrationTests\Easify.Sample.WebAPI.IntegrationTests.csproj", "{B0388785-76A3-41C5-855F-019FDEE53491}"
EndProject
Project("{2150E333-8FDC-42A3-9474-1A3956D46DE8}") = "Extensions", "Extensions", "{ED11ED00-F4D4-4BFB-BF14-1F2EFE5E72F1}"
EndProject
Project("{9A19103F-16F7-4668-BE54-9A1E7A4F7556}") = "Easify.Extensions", "Easify.Extensions\Easify.Extensions.csproj", "{250C646B-83D5-4577-A9F9-16389C3094F3}"
EndProject
Project("{9A19103F-16F7-4668-BE54-9A1E7A4F7556}") = "Easify.Extensions.UnitTests", "Easify.Extensions.UnitTests\Easify.Extensions.UnitTests.csproj", "{97D76867-95BA-4C6A-93C8-78D81B7A63EE}"
EndProject
Project("{9A19103F-16F7-4668-BE54-9A1E7A4F7556}") = "Easify", "Easify\Easify.csproj", "{1D097CA1-ADC5-47D8-98F2-957ABAFD9844}"
EndProject
Project("{9A19103F-16F7-4668-BE54-9A1E7A4F7556}") = "Easify.Http", "Easify.Http\Easify.Http.csproj", "{B4B66F38-370D-43FF-B91F-1E61AAC3E5C4}"
EndProject
Project("{9A19103F-16F7-4668-BE54-9A1E7A4F7556}") = "Easify.Logging", "Easify.Logging\Easify.Logging.csproj", "{98888DBA-9C82-425D-8ADF-C508AD496958}"
EndProject
Project("{9A19103F-16F7-4668-BE54-9A1E7A4F7556}") = "Easify.Logging.SeriLog", "Easify.Logging.SeriLog\Easify.Logging.SeriLog.csproj", "{84A02F79-2457-4DC4-B044-11C23612D03D}"
EndProject
Project("{9A19103F-16F7-4668-BE54-9A1E7A4F7556}") = "Easify.Logging.SeriLog.LogEntries", "Easify.Logging.SeriLog.LogEntries\Easify.Logging.SeriLog.LogEntries.csproj", "{9DBEB2B2-49E8-4045-846C-5225F7EDB2B4}"
EndProject
Project("{9A19103F-16F7-4668-BE54-9A1E7A4F7556}") = "Easify.Logging.SeriLog.Seq", "Easify.Logging.SeriLog.Seq\Easify.Logging.SeriLog.Seq.csproj", "{D6CD0FCC-D10B-4E27-8391-F24E89EB38BC}"
EndProject
Project("{9A19103F-16F7-4668-BE54-9A1E7A4F7556}") = "Easify.RestEase", "Easify.RestEase\Easify.RestEase.csproj", "{C155AF4F-DFB3-43DD-8A93-735B31CD49B5}"
EndProject
Project("{9A19103F-16F7-4668-BE54-9A1E7A4F7556}") = "Easify.AspNetCore", "Easify.AspNetCore\Easify.AspNetCore.csproj", "{B11B5BFB-BD4E-45F5-AE81-601112567AD1}"
EndProject
Project("{9A19103F-16F7-4668-BE54-9A1E7A4F7556}") = "Easify.AspNetCore.UnitTests", "Easify.AspNetCore.UnitTests\Easify.AspNetCore.UnitTests.csproj", "{84578D12-1B8C-4624-8DB0-5BEB9ECFC3E5}"
EndProject
Project("{9A19103F-16F7-4668-BE54-9A1E7A4F7556}") = "Easify.AspNetCore.Bootstrap", "Easify.AspNetCore.Bootstrap\Easify.AspNetCore.Bootstrap.csproj", "{3216C15F-21F2-4813-ACEE-23F834FAFA19}"
EndProject
Project("{9A19103F-16F7-4668-BE54-9A1E7A4F7556}") = "Easify.AspNetCore.Bootstrap.UnitTests", "Easify.AspNetCore.Bootstrap.UnitTests\Easify.AspNetCore.Bootstrap.UnitTests.csproj", "{EB9215C5-4EDF-4A3E-BB97-F8DA0DCDDF11}"
EndProject
Project("{9A19103F-16F7-4668-BE54-9A1E7A4F7556}") = "Easify.ExceptionHandling", "Easify.ExceptionHandling\Easify.ExceptionHandling.csproj", "{5A49521E-2E03-445C-B063-CE1192498B38}"
EndProject
Project("{9A19103F-16F7-4668-BE54-9A1E7A4F7556}") = "Easify.ExceptionHandling.UnitTests", "Easify.ExceptionHandling.UnitTests\Easify.ExceptionHandling.UnitTests.csproj", "{0613FE02-2071-4FC6-A04A-D3B999EEED84}"
EndProject
Project("{2150E333-8FDC-42A3-9474-1A3956D46DE8}") = "Hosting", "Hosting", "{D3D27A5B-9629-430E-A710-C2BA98A891B8}"
EndProject
Project("{9A19103F-16F7-4668-BE54-9A1E7A4F7556}") = "Easify.Hosting.WindowsService", "Easify.Hosting.WindowsService\Easify.Hosting.WindowsService.csproj", "{FF9966AD-5F99-4A43-BF36-E3E16D685E7B}"
EndProject
Project("{9A19103F-16F7-4668-BE54-9A1E7A4F7556}") = "Easify.Logging.Extensions", "Easify.Logging.Extensions\Easify.Logging.Extensions.csproj", "{BD50A74C-ED66-4BA4-8DC4-0A1AF6E014CA}"
EndProject
Project("{9A19103F-16F7-4668-BE54-9A1E7A4F7556}") = "Easify.Configurations", "Easify.Configurations\Easify.Configurations.csproj", "{0F308672-5BA4-43BF-BF5A-7AE22B16391F}"
EndProject
Project("{9A19103F-16F7-4668-BE54-9A1E7A4F7556}") = "Easify.RestEase.Client", "Easify.RestEase.Client\Easify.RestEase.Client.csproj", "{746C97B8-80B7-4A22-A71B-1B0E12CE8143}"
EndProject
Project("{2150E333-8FDC-42A3-9474-1A3956D46DE8}") = "Logging", "Logging", "{AD8A717C-1C86-49E9-AFED-2BB7D68980D5}"
EndProject
Project("{9A19103F-16F7-4668-BE54-9A1E7A4F7556}") = "Easify.Logging.UnitTests", "Easify.Logging.UnitTests\Easify.Logging.UnitTests.csproj", "{F651FDFD-7470-46A7-A5A0-049CB105DA49}"
EndProject
Project("{9A19103F-16F7-4668-BE54-9A1E7A4F7556}") = "Easify.Testing", "Easify.Testing\Easify.Testing.csproj", "{390814AF-B462-4390-BFDA-D20D958FFC86}"
EndProject
Project("{2150E333-8FDC-42A3-9474-1A3956D46DE8}") = "Testing", "Testing", "{CA0D37AC-F8C9-4D06-A278-9220B72D24CE}"
EndProject
Project("{9A19103F-16F7-4668-BE54-9A1E7A4F7556}") = "Easify.Logging.SeriLog.Loggly", "Easify.Logging.SeriLog.Loggly\Easify.Logging.SeriLog.Loggly.csproj", "{3347204B-8B99-4AF1-BC57-38AAC349B07E}"
EndProject
Project("{9A19103F-16F7-4668-BE54-9A1E7A4F7556}") = "Easify.Bootstrap", "Easify.Bootstrap\Easify.Bootstrap.csproj", "{8FAC79B7-196C-4497-8F97-C27EC13A3E64}"
EndProject
Project("{9A19103F-16F7-4668-BE54-9A1E7A4F7556}") = "Easify.DependencyInjection", "Easify.DependencyInjection\Easify.DependencyInjection.csproj", "{7CD486D2-3852-447E-AB7F-DE2FE6812182}"
EndProject
Project("{9A19103F-16F7-4668-BE54-9A1E7A4F7556}") = "Easify.Testing.Integration", "Easify.Testing.Integration\Easify.Testing.Integration.csproj", "{BA0BF231-029B-49AE-A4EA-5C862640DD24}"
EndProject
Project("{9A19103F-16F7-4668-BE54-9A1E7A4F7556}") = "Easify.Testing.UnitTests", "Easify.Testing.UnitTests\Easify.Testing.UnitTests.csproj", "{083BE000-4BA1-4A91-B91E-63E858178995}"
EndProject
Project("{9A19103F-16F7-4668-BE54-9A1E7A4F7556}") = "Easify.RestEase.UnitTests", "Easify.RestEase.UnitTests\Easify.RestEase.UnitTests.csproj", "{9D0AA97D-07FC-4756-9190-43C6C65512B1}"
EndProject
Project("{9A19103F-16F7-4668-BE54-9A1E7A4F7556}") = "Easify.Resilience", "Easify.Resilience\Easify.Resilience.csproj", "{74F7FFB2-57CB-4217-976A-B0916B20AD05}"
EndProject
Project("{9A19103F-16F7-4668-BE54-9A1E7A4F7556}") = "Easify.Resilience.UnitTests", "Easify.Resilience.UnitTests\Easify.Resilience.UnitTests.csproj", "{15A17D77-C9BE-4ADE-A42A-0DB5C88D4A0C}"
EndProject
Project("{9A19103F-16F7-4668-BE54-9A1E7A4F7556}") = "Easify.Sample.WindowsService", "Samples\Easify.Sample.WindowsService\Easify.Sample.WindowsService.csproj", "{0A9E6275-2F18-43DC-86DC-C3F3F37FB177}"
EndProject
Project("{FAE04EC0-301F-11D3-BF4B-00C04F79EFBC}") = "Easify.Notification", "Easify.Notification\Easify.Notification.csproj", "{045D9CE0-ED69-4965-BEC6-5C9E5D5AC9F1}"
EndProject
Project("{FAE04EC0-301F-11D3-BF4B-00C04F79EFBC}") = "Easify.Notification.Templating", "Easify.Notification.Templating\Easify.Notification.Templating.csproj", "{5C032679-C627-45FE-A446-26FA580B7BA6}"
EndProject
Project("{FAE04EC0-301F-11D3-BF4B-00C04F79EFBC}") = "Easify.Notification.Templating.HandleBars", "Easify.Notification.Templating.HandleBars\Easify.Notification.Templating.HandleBars.csproj", "{0F3B2734-A319-4671-9B4D-1CF20DCF6318}"
EndProject
Project("{FAE04EC0-301F-11D3-BF4B-00C04F79EFBC}") = "Easify.Notification.Messaging", "Easify.Notification.Messaging\Easify.Notification.Messaging.csproj", "{A81259D3-A76C-45F6-9C2A-5B0060F86D98}"
EndProject
Project("{FAE04EC0-301F-11D3-BF4B-00C04F79EFBC}") = "Easify.Notification.Extensions", "Easify.Notification.Extensions\Easify.Notification.Extensions.csproj", "{2590EC5B-425C-4FDB-AC5B-6A5788FA2922}"
EndProject
Project("{FAE04EC0-301F-11D3-BF4B-00C04F79EFBC}") = "Easify.Notification.Templating.UnitTests", "Easify.Notification.Templating.UnitTests\Easify.Notification.Templating.UnitTests.csproj", "{3CFA7CF5-6BE5-4A00-85F6-94C924D37224}"
EndProject
Project("{FAE04EC0-301F-11D3-BF4B-00C04F79EFBC}") = "Easify.Notification.UnitTests", "Easify.Notification.UnitTests\Easify.Notification.UnitTests.csproj", "{4F20E884-66EC-4BFD-BC3C-A9A86CC5FFFE}"
EndProject
Global
	GlobalSection(SolutionConfigurationPlatforms) = preSolution
		Debug|Any CPU = Debug|Any CPU
		Release|Any CPU = Release|Any CPU
	EndGlobalSection
	GlobalSection(ProjectConfigurationPlatforms) = postSolution
		{74E42355-8A99-495D-BC82-1E8C0B24A18F}.Debug|Any CPU.ActiveCfg = Debug|Any CPU
		{74E42355-8A99-495D-BC82-1E8C0B24A18F}.Debug|Any CPU.Build.0 = Debug|Any CPU
		{74E42355-8A99-495D-BC82-1E8C0B24A18F}.Release|Any CPU.ActiveCfg = Release|Any CPU
		{74E42355-8A99-495D-BC82-1E8C0B24A18F}.Release|Any CPU.Build.0 = Release|Any CPU
		{B0388785-76A3-41C5-855F-019FDEE53491}.Debug|Any CPU.ActiveCfg = Debug|Any CPU
		{B0388785-76A3-41C5-855F-019FDEE53491}.Debug|Any CPU.Build.0 = Debug|Any CPU
		{B0388785-76A3-41C5-855F-019FDEE53491}.Release|Any CPU.ActiveCfg = Release|Any CPU
		{B0388785-76A3-41C5-855F-019FDEE53491}.Release|Any CPU.Build.0 = Release|Any CPU
		{250C646B-83D5-4577-A9F9-16389C3094F3}.Debug|Any CPU.ActiveCfg = Debug|Any CPU
		{250C646B-83D5-4577-A9F9-16389C3094F3}.Debug|Any CPU.Build.0 = Debug|Any CPU
		{250C646B-83D5-4577-A9F9-16389C3094F3}.Release|Any CPU.ActiveCfg = Release|Any CPU
		{250C646B-83D5-4577-A9F9-16389C3094F3}.Release|Any CPU.Build.0 = Release|Any CPU
		{97D76867-95BA-4C6A-93C8-78D81B7A63EE}.Debug|Any CPU.ActiveCfg = Debug|Any CPU
		{97D76867-95BA-4C6A-93C8-78D81B7A63EE}.Debug|Any CPU.Build.0 = Debug|Any CPU
		{97D76867-95BA-4C6A-93C8-78D81B7A63EE}.Release|Any CPU.ActiveCfg = Release|Any CPU
		{97D76867-95BA-4C6A-93C8-78D81B7A63EE}.Release|Any CPU.Build.0 = Release|Any CPU
		{1D097CA1-ADC5-47D8-98F2-957ABAFD9844}.Debug|Any CPU.ActiveCfg = Debug|Any CPU
		{1D097CA1-ADC5-47D8-98F2-957ABAFD9844}.Debug|Any CPU.Build.0 = Debug|Any CPU
		{1D097CA1-ADC5-47D8-98F2-957ABAFD9844}.Release|Any CPU.ActiveCfg = Release|Any CPU
		{1D097CA1-ADC5-47D8-98F2-957ABAFD9844}.Release|Any CPU.Build.0 = Release|Any CPU
		{B4B66F38-370D-43FF-B91F-1E61AAC3E5C4}.Debug|Any CPU.ActiveCfg = Debug|Any CPU
		{B4B66F38-370D-43FF-B91F-1E61AAC3E5C4}.Debug|Any CPU.Build.0 = Debug|Any CPU
		{B4B66F38-370D-43FF-B91F-1E61AAC3E5C4}.Release|Any CPU.ActiveCfg = Release|Any CPU
		{B4B66F38-370D-43FF-B91F-1E61AAC3E5C4}.Release|Any CPU.Build.0 = Release|Any CPU
		{98888DBA-9C82-425D-8ADF-C508AD496958}.Debug|Any CPU.ActiveCfg = Debug|Any CPU
		{98888DBA-9C82-425D-8ADF-C508AD496958}.Debug|Any CPU.Build.0 = Debug|Any CPU
		{98888DBA-9C82-425D-8ADF-C508AD496958}.Release|Any CPU.ActiveCfg = Release|Any CPU
		{98888DBA-9C82-425D-8ADF-C508AD496958}.Release|Any CPU.Build.0 = Release|Any CPU
		{84A02F79-2457-4DC4-B044-11C23612D03D}.Debug|Any CPU.ActiveCfg = Debug|Any CPU
		{84A02F79-2457-4DC4-B044-11C23612D03D}.Debug|Any CPU.Build.0 = Debug|Any CPU
		{84A02F79-2457-4DC4-B044-11C23612D03D}.Release|Any CPU.ActiveCfg = Release|Any CPU
		{84A02F79-2457-4DC4-B044-11C23612D03D}.Release|Any CPU.Build.0 = Release|Any CPU
		{9DBEB2B2-49E8-4045-846C-5225F7EDB2B4}.Debug|Any CPU.ActiveCfg = Debug|Any CPU
		{9DBEB2B2-49E8-4045-846C-5225F7EDB2B4}.Debug|Any CPU.Build.0 = Debug|Any CPU
		{9DBEB2B2-49E8-4045-846C-5225F7EDB2B4}.Release|Any CPU.ActiveCfg = Release|Any CPU
		{9DBEB2B2-49E8-4045-846C-5225F7EDB2B4}.Release|Any CPU.Build.0 = Release|Any CPU
		{D6CD0FCC-D10B-4E27-8391-F24E89EB38BC}.Debug|Any CPU.ActiveCfg = Debug|Any CPU
		{D6CD0FCC-D10B-4E27-8391-F24E89EB38BC}.Debug|Any CPU.Build.0 = Debug|Any CPU
		{D6CD0FCC-D10B-4E27-8391-F24E89EB38BC}.Release|Any CPU.ActiveCfg = Release|Any CPU
		{D6CD0FCC-D10B-4E27-8391-F24E89EB38BC}.Release|Any CPU.Build.0 = Release|Any CPU
		{C155AF4F-DFB3-43DD-8A93-735B31CD49B5}.Debug|Any CPU.ActiveCfg = Debug|Any CPU
		{C155AF4F-DFB3-43DD-8A93-735B31CD49B5}.Debug|Any CPU.Build.0 = Debug|Any CPU
		{C155AF4F-DFB3-43DD-8A93-735B31CD49B5}.Release|Any CPU.ActiveCfg = Release|Any CPU
		{C155AF4F-DFB3-43DD-8A93-735B31CD49B5}.Release|Any CPU.Build.0 = Release|Any CPU
		{B11B5BFB-BD4E-45F5-AE81-601112567AD1}.Debug|Any CPU.ActiveCfg = Debug|Any CPU
		{B11B5BFB-BD4E-45F5-AE81-601112567AD1}.Debug|Any CPU.Build.0 = Debug|Any CPU
		{B11B5BFB-BD4E-45F5-AE81-601112567AD1}.Release|Any CPU.ActiveCfg = Release|Any CPU
		{B11B5BFB-BD4E-45F5-AE81-601112567AD1}.Release|Any CPU.Build.0 = Release|Any CPU
		{84578D12-1B8C-4624-8DB0-5BEB9ECFC3E5}.Debug|Any CPU.ActiveCfg = Debug|Any CPU
		{84578D12-1B8C-4624-8DB0-5BEB9ECFC3E5}.Debug|Any CPU.Build.0 = Debug|Any CPU
		{84578D12-1B8C-4624-8DB0-5BEB9ECFC3E5}.Release|Any CPU.ActiveCfg = Release|Any CPU
		{84578D12-1B8C-4624-8DB0-5BEB9ECFC3E5}.Release|Any CPU.Build.0 = Release|Any CPU
		{3216C15F-21F2-4813-ACEE-23F834FAFA19}.Debug|Any CPU.ActiveCfg = Debug|Any CPU
		{3216C15F-21F2-4813-ACEE-23F834FAFA19}.Debug|Any CPU.Build.0 = Debug|Any CPU
		{3216C15F-21F2-4813-ACEE-23F834FAFA19}.Release|Any CPU.ActiveCfg = Release|Any CPU
		{3216C15F-21F2-4813-ACEE-23F834FAFA19}.Release|Any CPU.Build.0 = Release|Any CPU
		{EB9215C5-4EDF-4A3E-BB97-F8DA0DCDDF11}.Debug|Any CPU.ActiveCfg = Debug|Any CPU
		{EB9215C5-4EDF-4A3E-BB97-F8DA0DCDDF11}.Debug|Any CPU.Build.0 = Debug|Any CPU
		{EB9215C5-4EDF-4A3E-BB97-F8DA0DCDDF11}.Release|Any CPU.ActiveCfg = Release|Any CPU
		{EB9215C5-4EDF-4A3E-BB97-F8DA0DCDDF11}.Release|Any CPU.Build.0 = Release|Any CPU
		{5A49521E-2E03-445C-B063-CE1192498B38}.Debug|Any CPU.ActiveCfg = Debug|Any CPU
		{5A49521E-2E03-445C-B063-CE1192498B38}.Debug|Any CPU.Build.0 = Debug|Any CPU
		{5A49521E-2E03-445C-B063-CE1192498B38}.Release|Any CPU.ActiveCfg = Release|Any CPU
		{5A49521E-2E03-445C-B063-CE1192498B38}.Release|Any CPU.Build.0 = Release|Any CPU
		{0613FE02-2071-4FC6-A04A-D3B999EEED84}.Debug|Any CPU.ActiveCfg = Debug|Any CPU
		{0613FE02-2071-4FC6-A04A-D3B999EEED84}.Debug|Any CPU.Build.0 = Debug|Any CPU
		{0613FE02-2071-4FC6-A04A-D3B999EEED84}.Release|Any CPU.ActiveCfg = Release|Any CPU
		{0613FE02-2071-4FC6-A04A-D3B999EEED84}.Release|Any CPU.Build.0 = Release|Any CPU
		{FF9966AD-5F99-4A43-BF36-E3E16D685E7B}.Debug|Any CPU.ActiveCfg = Debug|Any CPU
		{FF9966AD-5F99-4A43-BF36-E3E16D685E7B}.Debug|Any CPU.Build.0 = Debug|Any CPU
		{FF9966AD-5F99-4A43-BF36-E3E16D685E7B}.Release|Any CPU.ActiveCfg = Release|Any CPU
		{FF9966AD-5F99-4A43-BF36-E3E16D685E7B}.Release|Any CPU.Build.0 = Release|Any CPU
		{BD50A74C-ED66-4BA4-8DC4-0A1AF6E014CA}.Debug|Any CPU.ActiveCfg = Debug|Any CPU
		{BD50A74C-ED66-4BA4-8DC4-0A1AF6E014CA}.Debug|Any CPU.Build.0 = Debug|Any CPU
		{BD50A74C-ED66-4BA4-8DC4-0A1AF6E014CA}.Release|Any CPU.ActiveCfg = Release|Any CPU
		{BD50A74C-ED66-4BA4-8DC4-0A1AF6E014CA}.Release|Any CPU.Build.0 = Release|Any CPU
		{0F308672-5BA4-43BF-BF5A-7AE22B16391F}.Debug|Any CPU.ActiveCfg = Debug|Any CPU
		{0F308672-5BA4-43BF-BF5A-7AE22B16391F}.Debug|Any CPU.Build.0 = Debug|Any CPU
		{0F308672-5BA4-43BF-BF5A-7AE22B16391F}.Release|Any CPU.ActiveCfg = Release|Any CPU
		{0F308672-5BA4-43BF-BF5A-7AE22B16391F}.Release|Any CPU.Build.0 = Release|Any CPU
		{746C97B8-80B7-4A22-A71B-1B0E12CE8143}.Debug|Any CPU.ActiveCfg = Debug|Any CPU
		{746C97B8-80B7-4A22-A71B-1B0E12CE8143}.Debug|Any CPU.Build.0 = Debug|Any CPU
		{746C97B8-80B7-4A22-A71B-1B0E12CE8143}.Release|Any CPU.ActiveCfg = Release|Any CPU
		{746C97B8-80B7-4A22-A71B-1B0E12CE8143}.Release|Any CPU.Build.0 = Release|Any CPU
		{F651FDFD-7470-46A7-A5A0-049CB105DA49}.Debug|Any CPU.ActiveCfg = Debug|Any CPU
		{F651FDFD-7470-46A7-A5A0-049CB105DA49}.Debug|Any CPU.Build.0 = Debug|Any CPU
		{F651FDFD-7470-46A7-A5A0-049CB105DA49}.Release|Any CPU.ActiveCfg = Release|Any CPU
		{F651FDFD-7470-46A7-A5A0-049CB105DA49}.Release|Any CPU.Build.0 = Release|Any CPU
		{390814AF-B462-4390-BFDA-D20D958FFC86}.Debug|Any CPU.ActiveCfg = Debug|Any CPU
		{390814AF-B462-4390-BFDA-D20D958FFC86}.Debug|Any CPU.Build.0 = Debug|Any CPU
		{390814AF-B462-4390-BFDA-D20D958FFC86}.Release|Any CPU.ActiveCfg = Release|Any CPU
		{390814AF-B462-4390-BFDA-D20D958FFC86}.Release|Any CPU.Build.0 = Release|Any CPU
		{3347204B-8B99-4AF1-BC57-38AAC349B07E}.Debug|Any CPU.ActiveCfg = Debug|Any CPU
		{3347204B-8B99-4AF1-BC57-38AAC349B07E}.Debug|Any CPU.Build.0 = Debug|Any CPU
		{3347204B-8B99-4AF1-BC57-38AAC349B07E}.Release|Any CPU.ActiveCfg = Release|Any CPU
		{3347204B-8B99-4AF1-BC57-38AAC349B07E}.Release|Any CPU.Build.0 = Release|Any CPU
		{8FAC79B7-196C-4497-8F97-C27EC13A3E64}.Debug|Any CPU.ActiveCfg = Debug|Any CPU
		{8FAC79B7-196C-4497-8F97-C27EC13A3E64}.Debug|Any CPU.Build.0 = Debug|Any CPU
		{8FAC79B7-196C-4497-8F97-C27EC13A3E64}.Release|Any CPU.ActiveCfg = Release|Any CPU
		{8FAC79B7-196C-4497-8F97-C27EC13A3E64}.Release|Any CPU.Build.0 = Release|Any CPU
		{7CD486D2-3852-447E-AB7F-DE2FE6812182}.Debug|Any CPU.ActiveCfg = Debug|Any CPU
		{7CD486D2-3852-447E-AB7F-DE2FE6812182}.Debug|Any CPU.Build.0 = Debug|Any CPU
		{7CD486D2-3852-447E-AB7F-DE2FE6812182}.Release|Any CPU.ActiveCfg = Release|Any CPU
		{7CD486D2-3852-447E-AB7F-DE2FE6812182}.Release|Any CPU.Build.0 = Release|Any CPU
		{BA0BF231-029B-49AE-A4EA-5C862640DD24}.Debug|Any CPU.ActiveCfg = Debug|Any CPU
		{BA0BF231-029B-49AE-A4EA-5C862640DD24}.Debug|Any CPU.Build.0 = Debug|Any CPU
		{BA0BF231-029B-49AE-A4EA-5C862640DD24}.Release|Any CPU.ActiveCfg = Release|Any CPU
		{BA0BF231-029B-49AE-A4EA-5C862640DD24}.Release|Any CPU.Build.0 = Release|Any CPU
		{083BE000-4BA1-4A91-B91E-63E858178995}.Debug|Any CPU.ActiveCfg = Debug|Any CPU
		{083BE000-4BA1-4A91-B91E-63E858178995}.Debug|Any CPU.Build.0 = Debug|Any CPU
		{083BE000-4BA1-4A91-B91E-63E858178995}.Release|Any CPU.ActiveCfg = Release|Any CPU
		{083BE000-4BA1-4A91-B91E-63E858178995}.Release|Any CPU.Build.0 = Release|Any CPU
		{9D0AA97D-07FC-4756-9190-43C6C65512B1}.Debug|Any CPU.ActiveCfg = Debug|Any CPU
		{9D0AA97D-07FC-4756-9190-43C6C65512B1}.Debug|Any CPU.Build.0 = Debug|Any CPU
		{9D0AA97D-07FC-4756-9190-43C6C65512B1}.Release|Any CPU.ActiveCfg = Release|Any CPU
		{9D0AA97D-07FC-4756-9190-43C6C65512B1}.Release|Any CPU.Build.0 = Release|Any CPU
		{74F7FFB2-57CB-4217-976A-B0916B20AD05}.Debug|Any CPU.ActiveCfg = Debug|Any CPU
		{74F7FFB2-57CB-4217-976A-B0916B20AD05}.Debug|Any CPU.Build.0 = Debug|Any CPU
		{74F7FFB2-57CB-4217-976A-B0916B20AD05}.Release|Any CPU.ActiveCfg = Release|Any CPU
		{74F7FFB2-57CB-4217-976A-B0916B20AD05}.Release|Any CPU.Build.0 = Release|Any CPU
		{15A17D77-C9BE-4ADE-A42A-0DB5C88D4A0C}.Debug|Any CPU.ActiveCfg = Debug|Any CPU
		{15A17D77-C9BE-4ADE-A42A-0DB5C88D4A0C}.Debug|Any CPU.Build.0 = Debug|Any CPU
		{15A17D77-C9BE-4ADE-A42A-0DB5C88D4A0C}.Release|Any CPU.ActiveCfg = Release|Any CPU
		{15A17D77-C9BE-4ADE-A42A-0DB5C88D4A0C}.Release|Any CPU.Build.0 = Release|Any CPU
		{0A9E6275-2F18-43DC-86DC-C3F3F37FB177}.Debug|Any CPU.ActiveCfg = Debug|Any CPU
		{0A9E6275-2F18-43DC-86DC-C3F3F37FB177}.Debug|Any CPU.Build.0 = Debug|Any CPU
		{0A9E6275-2F18-43DC-86DC-C3F3F37FB177}.Release|Any CPU.ActiveCfg = Release|Any CPU
		{0A9E6275-2F18-43DC-86DC-C3F3F37FB177}.Release|Any CPU.Build.0 = Release|Any CPU
		{045D9CE0-ED69-4965-BEC6-5C9E5D5AC9F1}.Debug|Any CPU.ActiveCfg = Debug|Any CPU
		{045D9CE0-ED69-4965-BEC6-5C9E5D5AC9F1}.Debug|Any CPU.Build.0 = Debug|Any CPU
		{045D9CE0-ED69-4965-BEC6-5C9E5D5AC9F1}.Release|Any CPU.ActiveCfg = Release|Any CPU
		{045D9CE0-ED69-4965-BEC6-5C9E5D5AC9F1}.Release|Any CPU.Build.0 = Release|Any CPU
		{5C032679-C627-45FE-A446-26FA580B7BA6}.Debug|Any CPU.ActiveCfg = Debug|Any CPU
		{5C032679-C627-45FE-A446-26FA580B7BA6}.Debug|Any CPU.Build.0 = Debug|Any CPU
		{5C032679-C627-45FE-A446-26FA580B7BA6}.Release|Any CPU.ActiveCfg = Release|Any CPU
		{5C032679-C627-45FE-A446-26FA580B7BA6}.Release|Any CPU.Build.0 = Release|Any CPU
		{0F3B2734-A319-4671-9B4D-1CF20DCF6318}.Debug|Any CPU.ActiveCfg = Debug|Any CPU
		{0F3B2734-A319-4671-9B4D-1CF20DCF6318}.Debug|Any CPU.Build.0 = Debug|Any CPU
		{0F3B2734-A319-4671-9B4D-1CF20DCF6318}.Release|Any CPU.ActiveCfg = Release|Any CPU
		{0F3B2734-A319-4671-9B4D-1CF20DCF6318}.Release|Any CPU.Build.0 = Release|Any CPU
		{A81259D3-A76C-45F6-9C2A-5B0060F86D98}.Debug|Any CPU.ActiveCfg = Debug|Any CPU
		{A81259D3-A76C-45F6-9C2A-5B0060F86D98}.Debug|Any CPU.Build.0 = Debug|Any CPU
		{A81259D3-A76C-45F6-9C2A-5B0060F86D98}.Release|Any CPU.ActiveCfg = Release|Any CPU
		{A81259D3-A76C-45F6-9C2A-5B0060F86D98}.Release|Any CPU.Build.0 = Release|Any CPU
		{2590EC5B-425C-4FDB-AC5B-6A5788FA2922}.Debug|Any CPU.ActiveCfg = Debug|Any CPU
		{2590EC5B-425C-4FDB-AC5B-6A5788FA2922}.Debug|Any CPU.Build.0 = Debug|Any CPU
		{2590EC5B-425C-4FDB-AC5B-6A5788FA2922}.Release|Any CPU.ActiveCfg = Release|Any CPU
		{2590EC5B-425C-4FDB-AC5B-6A5788FA2922}.Release|Any CPU.Build.0 = Release|Any CPU
		{3CFA7CF5-6BE5-4A00-85F6-94C924D37224}.Debug|Any CPU.ActiveCfg = Debug|Any CPU
		{3CFA7CF5-6BE5-4A00-85F6-94C924D37224}.Debug|Any CPU.Build.0 = Debug|Any CPU
		{3CFA7CF5-6BE5-4A00-85F6-94C924D37224}.Release|Any CPU.ActiveCfg = Release|Any CPU
		{3CFA7CF5-6BE5-4A00-85F6-94C924D37224}.Release|Any CPU.Build.0 = Release|Any CPU
		{4F20E884-66EC-4BFD-BC3C-A9A86CC5FFFE}.Debug|Any CPU.ActiveCfg = Debug|Any CPU
		{4F20E884-66EC-4BFD-BC3C-A9A86CC5FFFE}.Debug|Any CPU.Build.0 = Debug|Any CPU
		{4F20E884-66EC-4BFD-BC3C-A9A86CC5FFFE}.Release|Any CPU.ActiveCfg = Release|Any CPU
		{4F20E884-66EC-4BFD-BC3C-A9A86CC5FFFE}.Release|Any CPU.Build.0 = Release|Any CPU
	EndGlobalSection
	GlobalSection(SolutionProperties) = preSolution
		HideSolutionNode = FALSE
	EndGlobalSection
	GlobalSection(NestedProjects) = preSolution
		{74E42355-8A99-495D-BC82-1E8C0B24A18F} = {709EFF89-FE7B-4818-B435-856741E1C21B}
		{B0388785-76A3-41C5-855F-019FDEE53491} = {709EFF89-FE7B-4818-B435-856741E1C21B}
		{ED11ED00-F4D4-4BFB-BF14-1F2EFE5E72F1} = {C6B49B11-8BC9-4A68-9238-85BECC4BDF97}
		{250C646B-83D5-4577-A9F9-16389C3094F3} = {ED11ED00-F4D4-4BFB-BF14-1F2EFE5E72F1}
		{97D76867-95BA-4C6A-93C8-78D81B7A63EE} = {ED11ED00-F4D4-4BFB-BF14-1F2EFE5E72F1}
		{1D097CA1-ADC5-47D8-98F2-957ABAFD9844} = {C6B49B11-8BC9-4A68-9238-85BECC4BDF97}
		{B4B66F38-370D-43FF-B91F-1E61AAC3E5C4} = {C6B49B11-8BC9-4A68-9238-85BECC4BDF97}
		{98888DBA-9C82-425D-8ADF-C508AD496958} = {AD8A717C-1C86-49E9-AFED-2BB7D68980D5}
		{84A02F79-2457-4DC4-B044-11C23612D03D} = {AD8A717C-1C86-49E9-AFED-2BB7D68980D5}
		{9DBEB2B2-49E8-4045-846C-5225F7EDB2B4} = {AD8A717C-1C86-49E9-AFED-2BB7D68980D5}
		{D6CD0FCC-D10B-4E27-8391-F24E89EB38BC} = {AD8A717C-1C86-49E9-AFED-2BB7D68980D5}
		{C155AF4F-DFB3-43DD-8A93-735B31CD49B5} = {C6B49B11-8BC9-4A68-9238-85BECC4BDF97}
		{B11B5BFB-BD4E-45F5-AE81-601112567AD1} = {62474ED1-B51D-4E3B-B4A8-86331DDA4E9F}
		{84578D12-1B8C-4624-8DB0-5BEB9ECFC3E5} = {62474ED1-B51D-4E3B-B4A8-86331DDA4E9F}
		{3216C15F-21F2-4813-ACEE-23F834FAFA19} = {62474ED1-B51D-4E3B-B4A8-86331DDA4E9F}
		{EB9215C5-4EDF-4A3E-BB97-F8DA0DCDDF11} = {62474ED1-B51D-4E3B-B4A8-86331DDA4E9F}
		{5A49521E-2E03-445C-B063-CE1192498B38} = {C6B49B11-8BC9-4A68-9238-85BECC4BDF97}
		{0613FE02-2071-4FC6-A04A-D3B999EEED84} = {C6B49B11-8BC9-4A68-9238-85BECC4BDF97}
		{FF9966AD-5F99-4A43-BF36-E3E16D685E7B} = {D3D27A5B-9629-430E-A710-C2BA98A891B8}
		{BD50A74C-ED66-4BA4-8DC4-0A1AF6E014CA} = {AD8A717C-1C86-49E9-AFED-2BB7D68980D5}
		{0F308672-5BA4-43BF-BF5A-7AE22B16391F} = {C6B49B11-8BC9-4A68-9238-85BECC4BDF97}
		{746C97B8-80B7-4A22-A71B-1B0E12CE8143} = {C6B49B11-8BC9-4A68-9238-85BECC4BDF97}
		{AD8A717C-1C86-49E9-AFED-2BB7D68980D5} = {C6B49B11-8BC9-4A68-9238-85BECC4BDF97}
		{F651FDFD-7470-46A7-A5A0-049CB105DA49} = {AD8A717C-1C86-49E9-AFED-2BB7D68980D5}
		{390814AF-B462-4390-BFDA-D20D958FFC86} = {CA0D37AC-F8C9-4D06-A278-9220B72D24CE}
		{3347204B-8B99-4AF1-BC57-38AAC349B07E} = {AD8A717C-1C86-49E9-AFED-2BB7D68980D5}
		{8FAC79B7-196C-4497-8F97-C27EC13A3E64} = {C6B49B11-8BC9-4A68-9238-85BECC4BDF97}
		{7CD486D2-3852-447E-AB7F-DE2FE6812182} = {C6B49B11-8BC9-4A68-9238-85BECC4BDF97}
		{BA0BF231-029B-49AE-A4EA-5C862640DD24} = {CA0D37AC-F8C9-4D06-A278-9220B72D24CE}
		{083BE000-4BA1-4A91-B91E-63E858178995} = {CA0D37AC-F8C9-4D06-A278-9220B72D24CE}
		{9D0AA97D-07FC-4756-9190-43C6C65512B1} = {C6B49B11-8BC9-4A68-9238-85BECC4BDF97}
		{74F7FFB2-57CB-4217-976A-B0916B20AD05} = {C6B49B11-8BC9-4A68-9238-85BECC4BDF97}
		{15A17D77-C9BE-4ADE-A42A-0DB5C88D4A0C} = {C6B49B11-8BC9-4A68-9238-85BECC4BDF97}
		{0A9E6275-2F18-43DC-86DC-C3F3F37FB177} = {709EFF89-FE7B-4818-B435-856741E1C21B}
		{045D9CE0-ED69-4965-BEC6-5C9E5D5AC9F1} = {C6B49B11-8BC9-4A68-9238-85BECC4BDF97}
		{5C032679-C627-45FE-A446-26FA580B7BA6} = {C6B49B11-8BC9-4A68-9238-85BECC4BDF97}
		{0F3B2734-A319-4671-9B4D-1CF20DCF6318} = {C6B49B11-8BC9-4A68-9238-85BECC4BDF97}
		{A81259D3-A76C-45F6-9C2A-5B0060F86D98} = {C6B49B11-8BC9-4A68-9238-85BECC4BDF97}
		{2590EC5B-425C-4FDB-AC5B-6A5788FA2922} = {C6B49B11-8BC9-4A68-9238-85BECC4BDF97}
		{3CFA7CF5-6BE5-4A00-85F6-94C924D37224} = {C6B49B11-8BC9-4A68-9238-85BECC4BDF97}
		{4F20E884-66EC-4BFD-BC3C-A9A86CC5FFFE} = {C6B49B11-8BC9-4A68-9238-85BECC4BDF97}
	EndGlobalSection
	GlobalSection(ExtensibilityGlobals) = postSolution
		SolutionGuid = {AD317B39-D1E3-4033-A80A-C5F8CACAAF2C}
	EndGlobalSection
EndGlobal
